# Generated by buf. DO NOT EDIT.
version: v1
deps:
  - remote: buf.build
    owner: googleapis
    repository: googleapis
    commit: 83c0f6c19b2f4ea0b0fd84a80e753659
    digest: shake256:20e034fe1562d2ef4137cd7822344d4c29cff8130e112a16e44bc3102be688e9134fae531ec1de7ae18dd660160649db28d160b006c9c70964e3f72a60dc47e3
